
Microsoft Visual Studio Solution File, Format Version 12.00
# Visual Studio Version 16
VisualStudioVersion = 16.0.30114.105
MinimumVisualStudioVersion = 10.0.40219.1
Project("{FAE04EC0-301F-11D3-BF4B-00C04F79EFBC}") = "Localiza.Frotas", "Localiza.Frotas\Localiza.Frotas.csproj", "{360A53F7-EC11-49B3-A33F-E3182C74CF5C}"
EndProject
Project("{FAE04EC0-301F-11D3-BF4B-00C04F79EFBC}") = "Localiza.Frotas.Domain", "Localiza.Frotas.Domain\Localiza.Frotas.Domain.csproj", "{08ED18D5-C048-485A-BC8E-77391E65D542}"
EndProject
Project("{FAE04EC0-301F-11D3-BF4B-00C04F79EFBC}") = "Localiza.Frotas.Infra", "Localiza.Frotas.Infra\Localiza.Frotas.Infra.csproj", "{04DCB009-C2B8-4D77-822E-3369A449D51E}"
EndProject
Global
	GlobalSection(SolutionConfigurationPlatforms) = preSolution
		Debug|Any CPU = Debug|Any CPU
		Debug|x64 = Debug|x64
		Debug|x86 = Debug|x86
		Release|Any CPU = Release|Any CPU
		Release|x64 = Release|x64
		Release|x86 = Release|x86
	EndGlobalSection
	GlobalSection(SolutionProperties) = preSolution
		HideSolutionNode = FALSE
	EndGlobalSection
	GlobalSection(ProjectConfigurationPlatforms) = postSolution
		{360A53F7-EC11-49B3-A33F-E3182C74CF5C}.Debug|Any CPU.ActiveCfg = Debug|Any CPU
		{360A53F7-EC11-49B3-A33F-E3182C74CF5C}.Debug|Any CPU.Build.0 = Debug|Any CPU
		{360A53F7-EC11-49B3-A33F-E3182C74CF5C}.Debug|x64.ActiveCfg = Debug|Any CPU
		{360A53F7-EC11-49B3-A33F-E3182C74CF5C}.Debug|x64.Build.0 = Debug|Any CPU
		{360A53F7-EC11-49B3-A33F-E3182C74CF5C}.Debug|x86.ActiveCfg = Debug|Any CPU
		{360A53F7-EC11-49B3-A33F-E3182C74CF5C}.Debug|x86.Build.0 = Debug|Any CPU
		{360A53F7-EC11-49B3-A33F-E3182C74CF5C}.Release|Any CPU.ActiveCfg = Release|Any CPU
		{360A53F7-EC11-49B3-A33F-E3182C74CF5C}.Release|Any CPU.Build.0 = Release|Any CPU
		{360A53F7-EC11-49B3-A33F-E3182C74CF5C}.Release|x64.ActiveCfg = Release|Any CPU
		{360A53F7-EC11-49B3-A33F-E3182C74CF5C}.Release|x64.Build.0 = Release|Any CPU
		{360A53F7-EC11-49B3-A33F-E3182C74CF5C}.Release|x86.ActiveCfg = Release|Any CPU
		{360A53F7-EC11-49B3-A33F-E3182C74CF5C}.Release|x86.Build.0 = Release|Any CPU
		{08ED18D5-C048-485A-BC8E-77391E65D542}.Debug|Any CPU.ActiveCfg = Debug|Any CPU
		{08ED18D5-C048-485A-BC8E-77391E65D542}.Debug|Any CPU.Build.0 = Debug|Any CPU
		{08ED18D5-C048-485A-BC8E-77391E65D542}.Debug|x64.ActiveCfg = Debug|Any CPU
		{08ED18D5-C048-485A-BC8E-77391E65D542}.Debug|x64.Build.0 = Debug|Any CPU
		{08ED18D5-C048-485A-BC8E-77391E65D542}.Debug|x86.ActiveCfg = Debug|Any CPU
		{08ED18D5-C048-485A-BC8E-77391E65D542}.Debug|x86.Build.0 = Debug|Any CPU
		{08ED18D5-C048-485A-BC8E-77391E65D542}.Release|Any CPU.ActiveCfg = Release|Any CPU
		{08ED18D5-C048-485A-BC8E-77391E65D542}.Release|Any CPU.Build.0 = Release|Any CPU
		{08ED18D5-C048-485A-BC8E-77391E65D542}.Release|x64.ActiveCfg = Release|Any CPU
		{08ED18D5-C048-485A-BC8E-77391E65D542}.Release|x64.Build.0 = Release|Any CPU
		{08ED18D5-C048-485A-BC8E-77391E65D542}.Release|x86.ActiveCfg = Release|Any CPU
		{08ED18D5-C048-485A-BC8E-77391E65D542}.Release|x86.Build.0 = Release|Any CPU
		{04DCB009-C2B8-4D77-822E-3369A449D51E}.Debug|Any CPU.ActiveCfg = Debug|Any CPU
		{04DCB009-C2B8-4D77-822E-3369A449D51E}.Debug|Any CPU.Build.0 = Debug|Any CPU
		{04DCB009-C2B8-4D77-822E-3369A449D51E}.Debug|x64.ActiveCfg = Debug|Any CPU
		{04DCB009-C2B8-4D77-822E-3369A449D51E}.Debug|x64.Build.0 = Debug|Any CPU
		{04DCB009-C2B8-4D77-822E-3369A449D51E}.Debug|x86.ActiveCfg = Debug|Any CPU
		{04DCB009-C2B8-4D77-822E-3369A449D51E}.Debug|x86.Build.0 = Debug|Any CPU
		{04DCB009-C2B8-4D77-822E-3369A449D51E}.Release|Any CPU.ActiveCfg = Release|Any CPU
		{04DCB009-C2B8-4D77-822E-3369A449D51E}.Release|Any CPU.Build.0 = Release|Any CPU
		{04DCB009-C2B8-4D77-822E-3369A449D51E}.Release|x64.ActiveCfg = Release|Any CPU
		{04DCB009-C2B8-4D77-822E-3369A449D51E}.Release|x64.Build.0 = Release|Any CPU
		{04DCB009-C2B8-4D77-822E-3369A449D51E}.Release|x86.ActiveCfg = Release|Any CPU
		{04DCB009-C2B8-4D77-822E-3369A449D51E}.Release|x86.Build.0 = Release|Any CPU
	EndGlobalSection
EndGlobal
